
Microsoft Visual Studio Solution File, Format Version 12.00
# Visual Studio Version 17
VisualStudioVersion = 17.6.33829.357
MinimumVisualStudioVersion = 10.0.40219.1
Project("{FAE04EC0-301F-11D3-BF4B-00C04F79EFBC}") = "Project1", "Project1.csproj", "{1EC47F61-15EC-4613-AEE4-BE0F9865D70D}"
EndProject
Global
	GlobalSection(SolutionConfigurationPlatforms) = preSolution
		Debug|Any CPU = Debug|Any CPU
		Release|Any CPU = Release|Any CPU
	EndGlobalSection
	GlobalSection(ProjectConfigurationPlatforms) = postSolution
		{1EC47F61-15EC-4613-AEE4-BE0F9865D70D}.Debug|Any CPU.ActiveCfg = Debug|Any CPU
		{1EC47F61-15EC-4613-AEE4-BE0F9865D70D}.Debug|Any CPU.Build.0 = Debug|Any CPU
		{1EC47F61-15EC-4613-AEE4-BE0F9865D70D}.Release|Any CPU.ActiveCfg = Release|Any CPU
		{1EC47F61-15EC-4613-AEE4-BE0F9865D70D}.Release|Any CPU.Build.0 = Release|Any CPU
	EndGlobalSection
	GlobalSection(SolutionProperties) = preSolution
		HideSolutionNode = FALSE
	EndGlobalSection
	GlobalSection(ExtensibilityGlobals) = postSolution
		SolutionGuid = {51DA115A-991B-4F8A-940A-20E8B6AC7908}
	EndGlobalSection
EndGlobal
